
Microsoft Visual Studio Solution File, Format Version 12.00
# Visual Studio Version 17
VisualStudioVersion = 17.10.35122.118
MinimumVisualStudioVersion = 10.0.40219.1
Project("{FAE04EC0-301F-11D3-BF4B-00C04F79EFBC}") = "IfelseNestering", "IfelseNestering.csproj", "{979D7FBE-B028-4FF1-BC5B-024409FD371E}"
EndProject
Global
	GlobalSection(SolutionConfigurationPlatforms) = preSolution
		Debug|Any CPU = Debug|Any CPU
		Release|Any CPU = Release|Any CPU
	EndGlobalSection
	GlobalSection(ProjectConfigurationPlatforms) = postSolution
		{979D7FBE-B028-4FF1-BC5B-024409FD371E}.Debug|Any CPU.ActiveCfg = Debug|Any CPU
		{979D7FBE-B028-4FF1-BC5B-024409FD371E}.Debug|Any CPU.Build.0 = Debug|Any CPU
		{979D7FBE-B028-4FF1-BC5B-024409FD371E}.Release|Any CPU.ActiveCfg = Release|Any CPU
		{979D7FBE-B028-4FF1-BC5B-024409FD371E}.Release|Any CPU.Build.0 = Release|Any CPU
	EndGlobalSection
	GlobalSection(SolutionProperties) = preSolution
		HideSolutionNode = FALSE
	EndGlobalSection
	GlobalSection(ExtensibilityGlobals) = postSolution
		SolutionGuid = {9CB2ECF6-A478-4F5D-BC95-F817A579E68E}
	EndGlobalSection
EndGlobal
